# THIS IS AN AUTOGENERATED FILE. DO NOT EDIT THIS FILE DIRECTLY.
assets/VitalBrown-Bold.eot:
  development: 2018-03-27T06:01:31-04:00   1ffbfe0960b0050d12b6cff81e6ae8b9
assets/VitalBrown-Bold.svg:
  development: 2018-03-27T06:01:33-04:00   51cdf2b9b77d6ce2f3609923841c04f5
assets/VitalBrown-Bold.ttf:
  development: 2018-03-27T06:01:32-04:00   2b984866e12c5894c3d19ea8f3c619ce
assets/VitalBrown-Bold.woff:
  development: 2018-03-27T06:01:32-04:00   d550e9fd08c49311d02bc93cbdfbb084
assets/VitalBrown-Regular.eot:
  development: 2018-03-27T06:01:32-04:00   e222b9e017fa191502d833f49b7c37b4
assets/VitalBrown-Regular.svg:
  development: 2018-03-27T06:01:34-04:00   2f79e274d5888eb8567ef4e9d49339ed
assets/VitalBrown-Regular.ttf:
  development: 2018-03-27T06:01:33-04:00   85b80f1ea070bc08c305970d2cf6aa1b
assets/VitalBrown-Regular.woff:
  development: 2018-03-27T06:01:34-04:00   b7ff179ed0d14ecf90ba3a524680607b
assets/arrows.png:
  development: 2018-06-20T11:47:26+02:00   c600049ff506da07b92f2f3024bd73b2
assets/custom-min.js:
  development: 2018-06-11T18:06:34+02:00   bd262157f76ab4b35b89823542d247ad
assets/custom.js:
  development: 2018-06-11T18:06:33+02:00   c5d019e4018a3d76f724816ddb63ff49
assets/ico-select.svg.liquid:
  development: 2018-03-22T09:00:46-04:00   765be6d2ef08d76aa0f1aab48a10e2b7
assets/lazysizes.min.js.liquid:
  development: 2018-03-22T09:00:46-04:00   5dd7f4f274a5573ed6575f43c21ad62d
assets/polyfills.js:
  development: 2018-03-22T09:00:47-04:00   b558f1a6f42adcd63f2c091d80185c7d
assets/theme-custom.scss.liquid:
  development: 2018-09-11T15:54:07+02:00   890fe48fd77c08114ccb4d7b24888df5
assets/theme-update-min.js:
  development: 2018-06-08T15:44:53+02:00   c9ce1e084e793879ab4c8b2402c60ef0
assets/theme-update.js:
  development: 2018-06-08T15:44:51+02:00   698a5abf3859725db4ce3c1a2dc3451d
assets/theme.min.js.liquid:
  development: 2018-03-26T06:45:57-04:00   9be7c83fd78fe1820c2111e0f8a09d67
assets/theme.scss.liquid:
  development: 2018-03-27T06:12:36-04:00   9cbe97d60b5c199703b0a6b45b6f4ee8
config/settings_data.json:
  development: 2018-03-26T06:10:31-04:00   92bdc732311d024951b9459463d0cf55
config/settings_schema.json:
  development: 2018-06-19T16:56:46+02:00   2bc581efef8408176fa16667c16df181
layout/giftcard.liquid:
  development: 2018-03-22T09:00:47-04:00   383c724191e4fbe7c8e9db0667fdeba9
layout/password.liquid:
  development: 2018-06-29T10:53:17+02:00   62a6da2d1a5dbe1716a27347adea629a
layout/theme.liquid:
  development: 2018-10-01T14:52:27+02:00   6aec1fddc114999600260af1afc58cd3
locales/de.json:
  development: 2018-03-22T09:00:47-04:00   663d9003760f15ce1ff3151253ba1580
locales/en.default.json:
  development: 2018-03-22T09:00:47-04:00   ba88a901158a048a6a710014e4042569
locales/es.json:
  development: 2018-03-22T09:00:47-04:00   a71f82b7f14f87e3a753e7cec226fe78
locales/fr.json:
  development: 2018-03-22T09:00:47-04:00   6e1edb37042db74903f72e04c34cf2c0
locales/it.json:
  development: 2018-03-22T09:00:47-04:00   664c0537a5626c88e6974c12d57b69c7
locales/ja.json:
  development: 2018-03-22T09:00:47-04:00   d111167410c1a0f95b1cd63452695e7e
locales/pt-BR.json:
  development: 2018-03-22T09:00:47-04:00   33fb3614e72e43c76f3cbf6efb6fb727
locales/pt-PT.json:
  development: 2018-03-22T09:00:47-04:00   65e446a311dac4747fa105feef783651
locales/sv.json:
  development: 2018-06-07T17:15:06+02:00   d66f87d691f3ea11e5301c8ffb55bda5
sections/article-template.liquid:
  development: 2018-03-22T09:00:44-04:00   f9fc8b1a796fd0fa516107ee8046d46e
sections/blog-template.liquid:
  development: 2018-03-22T09:00:44-04:00   64e16cdfe1673d1a7c7f823e8b7975dc
sections/cart-template.liquid:
  development: 2018-09-12T16:42:02+02:00   072c1c4b2f7b59806c24e6af4ac2548c
sections/collection-list.liquid:
  development: 2018-03-22T09:00:45-04:00   ba4c7e04b9cbf879af78a55788231112
sections/collection-template.liquid:
  development: 2018-03-22T09:00:45-04:00   9ac477a9a0710900381484ed1c836004
sections/custom-about-hero.liquid:
  development: 2018-06-04T10:16:11-04:00   f169b2b8dcfb41cd92b888df549f711c
sections/custom-content.liquid:
  development: 2018-03-27T09:42:47-04:00   34cc313f203bc41b83def66b442079cd
sections/custom-hero-2.liquid:
  development: 2018-06-12T17:51:50+02:00   15be288a13b0be1bca445c8358a4e907
sections/custom-hero.liquid:
  development: 2018-06-12T17:28:34+02:00   15be288a13b0be1bca445c8358a4e907
sections/custom-rich-text.liquid:
  development: 2018-06-04T11:19:09-04:00   957504cd455f0b6789be20166c904c09
sections/feature-row.liquid:
  development: 2018-03-22T09:00:45-04:00   708f0c507ae04f3bc3ca67fa4cf33ab5
sections/featured-blog.liquid:
  development: 2018-03-22T09:00:45-04:00   ef07d0e1eb2a9bd70296b9e6789afdcd
sections/featured-collection.liquid:
  development: 2018-03-22T09:00:45-04:00   960a503194271c8becef01690f149aa6
sections/featured-product.liquid:
  development: 2018-09-05T16:43:18+02:00   72330dabdebf6b94fdd56965d76ad4d8
sections/featured-slider.liquid:
  development: 2018-09-11T14:39:37+02:00   1c96ef8da2091a23b30ba643ddb3787a
sections/footer.liquid:
  development: 2018-06-18T12:30:59+02:00   2ba263473ec1f8b6b974c6fa0d5f3775
sections/gallery.liquid:
  development: 2018-03-22T09:00:45-04:00   1f80893b2232040167fbb6f820d20ce8
sections/header-revise.liquid:
  development: 2018-06-19T16:02:22+02:00   f07102d0aae41b3cac909bbe950c1831
sections/header.liquid:
  development: 2018-03-22T09:00:45-04:00   d3881a06cfa83105789fcb5b3e08ff44
sections/hero.liquid:
  development: 2018-05-31T08:43:10-04:00   f169b2b8dcfb41cd92b888df549f711c
sections/highlight.liquid:
  development: 2018-03-22T09:00:45-04:00   7e70084bb18777ed723ab6d1ed627d40
sections/list-collections-template.liquid:
  development: 2018-03-22T09:00:45-04:00   693060ba58dedb9c1f5f05f7a380d06e
sections/map.liquid:
  development: 2018-03-22T09:00:45-04:00   fa3b143be46e2f58c643cd77a356b82a
sections/newsletter.liquid:
  development: 2018-03-22T09:00:45-04:00   36dc30d4a9e81ac9dda885e886a62beb
sections/password-content.liquid:
  development: 2018-06-15T13:18:56+02:00   6dc86d48b30ef13e1791c2802b7a1e43
sections/password-footer.liquid:
  development: 2018-03-22T09:00:46-04:00   6150a647d2491864eaaf72ee11b57334
sections/password-header.liquid:
  development: 2018-06-15T15:54:58+02:00   b89c089fa9b166aae2d12f5e09c21ae1
sections/product-template-revise.liquid:
  development: 2018-06-19T18:15:40+02:00   40842a3a1610a31676054131474788ca
sections/product-template.liquid:
  development: 2018-05-31T11:08:06-04:00   4fd5d06800bec973bd8547b048a2300f
sections/quotes.liquid:
  development: 2018-05-31T09:20:43-04:00   6b01c12a9765b6f8266cb9db79e1dd52
sections/rich-text.liquid:
  development: 2018-06-14T15:51:18+02:00   48c2013fd486ec3dc48263c0882cdb69
sections/search-template.liquid:
  development: 2018-03-22T09:00:46-04:00   e51ed1cae46013c9cd4fdbc8e33daaa7
sections/slideshow.liquid:
  development: 2018-06-19T12:41:19+02:00   96366023530c4ff8b65d8a30380bb620
sections/video.liquid:
  development: 2018-03-22T09:00:46-04:00   8953bff7a4ef794a739d3e06bc1241d6
snippets/article-card.liquid:
  development: 2018-03-22T09:00:47-04:00   c25b215fefc3e5a0f895b14ad7f3905c
snippets/bgset.liquid:
  development: 2018-03-22T09:00:47-04:00   9a6760d57fe34fcd1f7a7876e087b756
snippets/card-image.liquid:
  development: 2018-03-22T09:00:47-04:00   0c1a54ea815fd1c71243e848721616a0
snippets/cart-drawer.liquid:
  development: 2018-06-15T12:10:13+02:00   2c297de3869e18d2bdb71fc20b903673
snippets/collection-card.liquid:
  development: 2018-03-22T09:00:48-04:00   e808f2eceb28481e487f0aa57db42b9f
snippets/comment.liquid:
  development: 2018-03-22T09:00:48-04:00   dfe8768264bbcefb9282297e32929fa9
snippets/critical-css.liquid:
  development: 2018-03-22T09:00:48-04:00   a3e4defe76a8e28b4a5c80995ef39644
snippets/dynamic-buy-button.liquid:
  development: 2018-06-13T17:53:49+02:00   676604ecd7e550aa8ebd7700ae6858b6
snippets/featured-article-card.liquid:
  development: 2018-03-22T09:00:48-04:00   c61f01f759a5b9c6a09fbe4617d64893
snippets/google-fonts.liquid:
  development: 2018-03-22T09:00:48-04:00   377ddc183ac7882100f47299bb8e0467
snippets/icon-amazon_payments.liquid:
  development: 2018-03-22T09:00:48-04:00   ec8359cdda389706cc36ae917892d93f
snippets/icon-american_express.liquid:
  development: 2018-03-22T09:00:48-04:00   9da829decce6867b8de60a183c94d099
snippets/icon-apple_pay.liquid:
  development: 2018-03-22T09:00:48-04:00   e82e7acc46479ea2173926f8fad55db0
snippets/icon-arrow-down.liquid:
  development: 2018-03-22T09:00:48-04:00   5f04b092b5cf026cd6fab3f33ebdf036
snippets/icon-arrow-left.liquid:
  development: 2018-03-22T09:00:48-04:00   cd14a4a3d1381fa4c51026da37cf8ea0
snippets/icon-arrow-right-slideshow.liquid:
  development: 2018-03-22T09:00:48-04:00   fb976cd26c89f7179023244f175303a3
snippets/icon-arrow-right.liquid:
  development: 2018-03-22T09:00:48-04:00   d2ffeb88a5b63fd608ea046b9a600838
snippets/icon-bitcoin.liquid:
  development: 2018-03-22T09:00:48-04:00   d8cb31e0401818c1cb852348b6f27420
snippets/icon-box.liquid:
  development: 2018-03-22T09:00:48-04:00   d7b1339471b3992987bc056975376989
snippets/icon-burger.liquid:
  development: 2018-03-22T09:00:48-04:00   8f6e3bd02dac6b5a4496c529424c67f2
snippets/icon-card.liquid:
  development: 2018-03-22T09:00:48-04:00   ce2bef2bba08c286f5e365df741e3fef
snippets/icon-cart.liquid:
  development: 2018-03-22T09:00:48-04:00   382bafd5e5d83a2658f6fa14111cacb4
snippets/icon-check.liquid:
  development: 2018-03-22T09:00:48-04:00   3b907720158aa04f3d28bd5c80b3bf96
snippets/icon-checkmark.liquid:
  development: 2018-03-22T09:00:48-04:00   ed3423c04640922009187e8d33cda6fc
snippets/icon-cirrus.liquid:
  development: 2018-03-22T09:00:48-04:00   fcbd6ce7e38d7946c921c8ed6ad5ca71
snippets/icon-clock.liquid:
  development: 2018-03-22T09:00:49-04:00   ba2a5f87bdeffce312b83cd224aa7e08
snippets/icon-close.liquid:
  development: 2018-03-22T09:00:49-04:00   2656dc1044008a377484ac2271d0a0c9
snippets/icon-dankort.liquid:
  development: 2018-03-22T09:00:49-04:00   796e1e822b3e46784d303b48c9db5b29
snippets/icon-details.liquid:
  development: 2018-03-22T09:00:49-04:00   8e4fa5966722634ae7e6df54581a8afe
snippets/icon-diners_club.liquid:
  development: 2018-03-22T09:00:49-04:00   cf70ea54486bb14c286264f90dab9ff8
snippets/icon-discover.liquid:
  development: 2018-03-22T09:00:49-04:00   b43221b39bc3df37f7e6c7810d3e54d8
snippets/icon-dogecoin.liquid:
  development: 2018-03-22T09:00:49-04:00   6a35f5db9eb93d1ed563c6989ff30798
snippets/icon-dwolla.liquid:
  development: 2018-03-22T09:00:49-04:00   aeb86f67aad84adaf7635d2043cb89a9
snippets/icon-envelope.liquid:
  development: 2018-03-22T09:00:49-04:00   45b269de5508dbee1d689539b73a5fdf
snippets/icon-facebook.liquid:
  development: 2018-03-22T09:00:49-04:00   171f165ba852e612397c4000adf62fd3
snippets/icon-forbrugsforeningen.liquid:
  development: 2018-03-22T09:00:49-04:00   ff962a94f23046340766c215b0f14a52
snippets/icon-globe.liquid:
  development: 2018-03-22T09:00:49-04:00   6808771af234443155b44d7dd590cb3d
snippets/icon-google.liquid:
  development: 2018-03-22T09:00:49-04:00   bc7b21205b5056a79aa05d2f32e8bcee
snippets/icon-hamburger.liquid:
  development: 2018-03-22T09:00:49-04:00   376481fbfb3706d72c5a9ecd55394ae5
snippets/icon-header-bag.liquid:
  development: 2018-03-22T09:00:49-04:00   1fec66ce5b2bd7e9dc226b512d215992
snippets/icon-header-cart.liquid:
  development: 2018-03-22T09:00:49-04:00   a6180c515936e463cb7066ccfe23880c
snippets/icon-instagram.liquid:
  development: 2018-03-22T09:00:49-04:00   bf50214819f6e2a5f053593e2414526d
snippets/icon-interac.liquid:
  development: 2018-03-22T09:00:49-04:00   24c4d22a98c0574c32fc02fe39e34b80
snippets/icon-jcb.liquid:
  development: 2018-03-22T09:00:49-04:00   275259ce80a1b368d0e5afcf7d6bb6f3
snippets/icon-klarna.liquid:
  development: 2018-03-22T09:00:49-04:00   9faa80c27e5612a01f9f0f9fc3ad3d6f
snippets/icon-laser.liquid:
  development: 2018-03-22T09:00:49-04:00   bd1a0ecfe958b6a6e84bf80e0669a6da
snippets/icon-leaf.liquid:
  development: 2018-03-22T09:00:49-04:00   1da27719eeb4c5c1007eaa621389c0ae
snippets/icon-linearrow-left.liquid:
  development: 2018-03-22T09:00:50-04:00   46f86e657e5d98eb1b2cdf11fbbd5da4
snippets/icon-litecoin.liquid:
  development: 2018-03-22T09:00:50-04:00   051dfcb36fa17b532a087b12f0a49e0e
snippets/icon-lock.liquid:
  development: 2018-03-22T09:00:50-04:00   60ae7ba03d14efa582faed8855821a58
snippets/icon-maestro.liquid:
  development: 2018-03-22T09:00:50-04:00   b987e558ecad607661489939ec8ca524
snippets/icon-master.liquid:
  development: 2018-03-22T09:00:50-04:00   7be93970b63c2fd0e2b319a35c00a9d7
snippets/icon-minus-small.liquid:
  development: 2018-03-22T09:00:50-04:00   0416cd76b28564e529f2223f83759dfa
snippets/icon-minus.liquid:
  development: 2018-03-22T09:00:50-04:00   78c513424d498299e865f8a242823ad0
snippets/icon-padlock.liquid:
  development: 2018-03-22T09:00:50-04:00   83097f352bbe12911e0380f17438dfda
snippets/icon-paypal.liquid:
  development: 2018-03-22T09:00:50-04:00   1b0d7db160b229b8519cccf2514ee676
snippets/icon-pinterest.liquid:
  development: 2018-03-22T09:00:50-04:00   701f2a785b3fa83d63e3ab54af060031
snippets/icon-playdesktop.liquid:
  development: 2018-03-22T09:00:50-04:00   9e5bb7a68afd7a085dc01fb2f649e902
snippets/icon-playmobile.liquid:
  development: 2018-03-22T09:00:50-04:00   a674c6e9a7118b671bff3a9d0ab7e57e
snippets/icon-plus-small.liquid:
  development: 2018-03-22T09:00:50-04:00   0121f973beb22b48f7acfd4225d5a76a
snippets/icon-plus.liquid:
  development: 2018-03-22T09:00:50-04:00   366727a7da9ea5bb916bae995b8d89e1
snippets/icon-pricetag.liquid:
  development: 2018-03-22T09:00:50-04:00   bcf5aed59f24a63403e9161cfdfba29a
snippets/icon-rss.liquid:
  development: 2018-03-22T09:00:50-04:00   6493d6bcb850513a55823d4ff62b0f8b
snippets/icon-search.liquid:
  development: 2018-03-22T09:00:50-04:00   d686994826947e0f74fb96145071327d
snippets/icon-share.liquid:
  development: 2018-03-22T09:00:50-04:00   f3c8a76a9837d080d141abc2931ac600
snippets/icon-shopify-logo.liquid:
  development: 2018-03-22T09:00:50-04:00   3f0b70f9e01be5b25507d25a732ecde7
snippets/icon-shopify_pay.liquid:
  development: 2018-03-22T09:00:50-04:00   0af2d9a3a7f1b14dfc11f8e4b9746c2d
snippets/icon-silhouette.liquid:
  development: 2018-03-22T09:00:50-04:00   b49a2b2d275fe17c84e76481c0bdd8e9
snippets/icon-snapchat.liquid:
  development: 2018-03-22T09:00:50-04:00   d6f0dedb86544b535e6ea5b25f66ef0d
snippets/icon-solo.liquid:
  development: 2018-03-22T09:00:50-04:00   b25ae03bf849e816d110bc1c1e6439e7
snippets/icon-stripe.liquid:
  development: 2018-03-22T09:00:51-04:00   208713954dff9de98f800df59763615d
snippets/icon-switch.liquid:
  development: 2018-03-22T09:00:51-04:00   26d43059f98996274c0fe414971fb271
snippets/icon-touchclose.liquid:
  development: 2018-03-22T09:00:51-04:00   6e91e00f5482bf2e967f6038d90d30a8
snippets/icon-touchshare.liquid:
  development: 2018-03-22T09:00:51-04:00   b623d31599ebf8d612692e9e4ac81b56
snippets/icon-trophy.liquid:
  development: 2018-03-22T09:00:51-04:00   e3399235669bc82ef25f35b99b3eb075
snippets/icon-truck.liquid:
  development: 2018-03-22T09:00:51-04:00   90e2066b3e0f68e72b5b9733273e1385
snippets/icon-tumblr.liquid:
  development: 2018-03-22T09:00:51-04:00   d71a4ada77a8a9b6bd792bdafef393de
snippets/icon-twitter.liquid:
  development: 2018-03-22T09:00:51-04:00   24047c22697a23a0baabf2804adc6c11
snippets/icon-vimeo.liquid:
  development: 2018-03-22T09:00:51-04:00   a229ed8a1a81e6ef95ad621f8a34efb6
snippets/icon-visa.liquid:
  development: 2018-03-22T09:00:51-04:00   9098533cd59e385d2672f6d8b7fa4b04
snippets/icon-youtube.liquid:
  development: 2018-03-22T09:00:51-04:00   9d72c5bc3eaa14a3e7aefd921881b1ae
snippets/load-css.liquid:
  development: 2018-03-22T09:00:51-04:00   c4f93b65f1c52d989e7c682052da547a
snippets/no-blocks.liquid:
  development: 2018-03-22T09:00:51-04:00   0cb7d758b6df0feb07ae5804b4b627fa
snippets/page-card.liquid:
  development: 2018-03-22T09:00:51-04:00   327a0ef7238ae95e349a03a6639de1c8
snippets/pagination.liquid:
  development: 2018-03-22T09:00:51-04:00   456f50471da588f31d6d229a8fd41868
snippets/placeholder-collection.liquid:
  development: 2018-03-22T09:00:51-04:00   4782b63d724c9ebd2bf2573b98e634c3
snippets/placeholder-image.liquid:
  development: 2018-03-22T09:00:51-04:00   744b89fc1920ac26b9992a73f43a4408
snippets/placeholder-lifestyle.liquid:
  development: 2018-03-22T09:00:51-04:00   f7f57772e9e1ead91d75cacc7f600c66
snippets/placeholder-logo.liquid:
  development: 2018-03-22T09:00:51-04:00   1e2891b47a0d322df27e7952f71b49ec
snippets/placeholder-product.liquid:
  development: 2018-03-22T09:00:52-04:00   32f6c46b4d92af83aa24ee2cfec0eb0e
snippets/product-card.liquid:
  development: 2018-03-22T09:00:52-04:00   fb2ec5b3ffb1a45e7daa73530a08162b
snippets/product-form-revise.liquid:
  development: 2018-06-05T08:03:22-04:00   56677f2345db244f734e97e98dd5f499
snippets/product-form.liquid:
  development: 2018-05-31T13:17:56-04:00   b564e5c5fdfc8788601cd00ffb51b87a
snippets/search-bar.liquid:
  development: 2018-03-22T09:00:52-04:00   5842bd9745263ff18fc5360c31d04090
snippets/snippet-hero.liquid:
  development: 2018-06-12T17:27:47+02:00   089c858786c54bb966b31c5f35dd866a
snippets/social-links.liquid:
  development: 2018-03-22T09:00:52-04:00   d57cddddd257ef6a84576bad8b5a9c06
snippets/social-meta-tags.liquid:
  development: 2018-03-22T09:00:52-04:00   ae9e213401623b2601abf0ace8e21537
snippets/social-sharing.liquid:
  development: 2018-03-22T09:00:52-04:00   348c83ee4f149858971a6f7d3323c453
snippets/spinner.liquid:
  development: 2018-03-22T09:00:52-04:00   b0323390a705125bae519b9f76df498f
templates/404.liquid:
  development: 2018-03-22T09:00:52-04:00   e4fbd978bf36321d6c78194d94831ff1
templates/article.liquid:
  development: 2018-03-22T09:00:52-04:00   4cdd079a9d70ae40e126727ccbe47bde
templates/blog.liquid:
  development: 2018-03-22T09:00:52-04:00   e993cbd9a86c14397aa6b0cac4d2dfab
templates/cart.liquid:
  development: 2018-03-22T09:00:52-04:00   11eb5e1c8b477d00deef623a324115bd
templates/collection.liquid:
  development: 2018-03-22T09:00:52-04:00   f5828c431b327122f87cad5793058a1d
templates/customers/account.liquid:
  development: 2018-03-22T09:00:52-04:00   e76a444f955b90a4a6c681395a68c117
templates/customers/activate_account.liquid:
  development: 2018-03-22T09:00:52-04:00   b49ddf4f5328dafd2b736ec3385ffbd5
templates/customers/addresses.liquid:
  development: 2018-03-22T09:00:52-04:00   209884c39ea4819de14521d31453638a
templates/customers/login.liquid:
  development: 2018-03-22T09:00:52-04:00   3ee5816b9e4e91e07e7b8a552559d672
templates/customers/order.liquid:
  development: 2018-03-22T09:00:52-04:00   893808f2578bc8ca0b15e51843681efa
templates/customers/register.liquid:
  development: 2018-03-22T09:00:52-04:00   e8197c4960c85ce5d4e1d0fc5f8d06ff
templates/customers/reset_password.liquid:
  development: 2018-03-22T09:00:52-04:00   d52569cbb237fdb708404655426f6921
templates/gift_card.liquid:
  development: 2018-03-22T09:00:53-04:00   d780ee5d6b8079b7c6f958390f63b77d
templates/index.liquid:
  development: 2018-05-28T10:02:04-04:00   b2a0a05382c135215e50a0042c0f7cb7
templates/list-collections.liquid:
  development: 2018-03-22T09:00:53-04:00   2a3229f9bf1a7d5da0eb25003db24b63
templates/page.contact.liquid:
  development: 2018-03-22T09:00:53-04:00   c0c82539dc7a4f0f2e32b9c965a0a8e7
templates/page.custom-basic-color.liquid:
  development: 2018-06-19T14:48:25+02:00   77ea3554c7368b8e0d08a56a1205980c
templates/page.custom-basic-no-button.liquid:
  development: 2018-07-02T20:09:02+02:00   824091af1b0a8eaf48fe8831c22dfff6
templates/page.custom-basic.liquid:
  development: 2018-06-19T14:48:10+02:00   012ee9a9722c447652ddb82309eee819
templates/page.custom-hero-about.liquid:
  development: 2018-06-13T17:51:17+02:00   86c86ea9dc548484d7aeb8e1a4c32f19
templates/page.custom-hero-for-varden.liquid:
  development: 2018-06-13T17:51:28+02:00   5c544fe8c9057b56b6ff7bfe42dd0b8c
templates/page.liquid:
  development: 2018-03-22T09:00:53-04:00   e5ba0a99aa80677dc86be60993fbc632
templates/password.liquid:
  development: 2018-03-22T09:00:53-04:00   30d1743d26765ce8c3fa53a3fdf9524f
templates/product.liquid:
  development: 2018-05-31T12:01:58-04:00   d13907d16822c6a1777eedc9ba4a083f
templates/search.liquid:
  development: 2018-03-22T09:00:53-04:00   36e56dea53e5f5b4131c23124c2e9af6
